// !$*UTF8*$!
{
	archiveVersion = 1;
	classes = {
	};
	objectVersion = 46;
	objects = {

/* Begin PBXBuildFile section */
		360677FE1C512BFE00762CCF /* Deck.m in Sources */ = {isa = PBXBuildFile; fileRef = 360677FD1C512BFE00762CCF /* Deck.m */; };
		360678011C51312300762CCF /* PlayingCard.m in Sources */ = {isa = PBXBuildFile; fileRef = 360678001C51312300762CCF /* PlayingCard.m */; };
		360678041C51395900762CCF /* PlayingCardDeck.m in Sources */ = {isa = PBXBuildFile; fileRef = 360678031C51395900762CCF /* PlayingCardDeck.m */; };
		363FFCAA1C639B61004A1FB7 /* GameHistoryViewController.m in Sources */ = {isa = PBXBuildFile; fileRef = 363FFCA91C639B61004A1FB7 /* GameHistoryViewController.m */; };
		3677FE691C64B37300A51A5C /* SetGameViewController.m in Sources */ = {isa = PBXBuildFile; fileRef = 3677FE681C64B37300A51A5C /* SetGameViewController.m */; };
		3677FE6C1C64BAE500A51A5C /* SetCard.m in Sources */ = {isa = PBXBuildFile; fileRef = 3677FE6B1C64BAE500A51A5C /* SetCard.m */; };
		3677FE6F1C64E95D00A51A5C /* SetCardDeck.m in Sources */ = {isa = PBXBuildFile; fileRef = 3677FE6E1C64E95D00A51A5C /* SetCardDeck.m */; };
		3680EFEA1C5115F90078A162 /* Images.xcassets in Resources */ = {isa = PBXBuildFile; fileRef = 3680EFE91C5115F90078A162 /* Images.xcassets */; };
		368C01901C61178E006EE928 /* PlayingCardGameViewController.m in Sources */ = {isa = PBXBuildFile; fileRef = 368C018F1C61178E006EE928 /* PlayingCardGameViewController.m */; };
		36CAFD8B1C4FE00600E84A55 /* main.m in Sources */ = {isa = PBXBuildFile; fileRef = 36CAFD8A1C4FE00600E84A55 /* main.m */; };
		36CAFD8E1C4FE00600E84A55 /* AppDelegate.m in Sources */ = {isa = PBXBuildFile; fileRef = 36CAFD8D1C4FE00600E84A55 /* AppDelegate.m */; };
		36CAFD911C4FE00600E84A55 /* ViewController.m in Sources */ = {isa = PBXBuildFile; fileRef = 36CAFD901C4FE00600E84A55 /* ViewController.m */; };
		36CAFD941C4FE00600E84A55 /* Main.storyboard in Resources */ = {isa = PBXBuildFile; fileRef = 36CAFD921C4FE00600E84A55 /* Main.storyboard */; };
		36CAFD991C4FE00600E84A55 /* LaunchScreen.xib in Resources */ = {isa = PBXBuildFile; fileRef = 36CAFD971C4FE00600E84A55 /* LaunchScreen.xib */; };
		36CAFDA51C4FE00700E84A55 /* MachismoTests.m in Sources */ = {isa = PBXBuildFile; fileRef = 36CAFDA41C4FE00700E84A55 /* MachismoTests.m */; };
		36CAFDB01C4FFE9900E84A55 /* Card.m in Sources */ = {isa = PBXBuildFile; fileRef = 36CAFDAF1C4FFE9900E84A55 /* Card.m */; };
		36ED60081C5287B30037D7D2 /* CardMatchingGame.m in Sources */ = {isa = PBXBuildFile; fileRef = 36ED60071C5287B30037D7D2 /* CardMatchingGame.m */; };
/* End PBXBuildFile section */

/* Begin PBXContainerItemProxy section */
		36CAFD9F1C4FE00700E84A55 /* PBXContainerItemProxy */ = {
			isa = PBXContainerItemProxy;
			containerPortal = 36CAFD7D1C4FE00600E84A55 /* Project object */;
			proxyType = 1;
			remoteGlobalIDString = 36CAFD841C4FE00600E84A55;
			remoteInfo = Machismo;
		};
/* End PBXContainerItemProxy section */

/* Begin PBXFileReference section */
		360677FC1C512BFE00762CCF /* Deck.h */ = {isa = PBXFileReference; fileEncoding = 4; lastKnownFileType = sourcecode.c.h; name = Deck.h; path = Model/Deck.h; sourceTree = "<group>"; };
		360677FD1C512BFE00762CCF /* Deck.m */ = {isa = PBXFileReference; fileEncoding = 4; lastKnownFileType = sourcecode.c.objc; name = Deck.m; path = Model/Deck.m; sourceTree = "<group>"; };
		360677FF1C51312300762CCF /* PlayingCard.h */ = {isa = PBXFileReference; fileEncoding = 4; lastKnownFileType = sourcecode.c.h; name = PlayingCard.h; path = Model/PlayingCard.h; sourceTree = "<group>"; };
		360678001C51312300762CCF /* PlayingCard.m */ = {isa = PBXFileReference; fileEncoding = 4; lastKnownFileType = sourcecode.c.objc; name = PlayingCard.m; path = Model/PlayingCard.m; sourceTree = "<group>"; };
		360678021C51395900762CCF /* PlayingCardDeck.h */ = {isa = PBXFileReference; fileEncoding = 4; lastKnownFileType = sourcecode.c.h; name = PlayingCardDeck.h; path = Model/PlayingCardDeck.h; sourceTree = "<group>"; };
		360678031C51395900762CCF /* PlayingCardDeck.m */ = {isa = PBXFileReference; fileEncoding = 4; lastKnownFileType = sourcecode.c.objc; name = PlayingCardDeck.m; path = Model/PlayingCardDeck.m; sourceTree = "<group>"; };
		363FFCA81C639B61004A1FB7 /* GameHistoryViewController.h */ = {isa = PBXFileReference; fileEncoding = 4; lastKnownFileType = sourcecode.c.h; path = GameHistoryViewController.h; sourceTree = "<group>"; };
		363FFCA91C639B61004A1FB7 /* GameHistoryViewController.m */ = {isa = PBXFileReference; fileEncoding = 4; lastKnownFileType = sourcecode.c.objc; path = GameHistoryViewController.m; sourceTree = "<group>"; };
		3677FE671C64B37300A51A5C /* SetGameViewController.h */ = {isa = PBXFileReference; fileEncoding = 4; lastKnownFileType = sourcecode.c.h; path = SetGameViewController.h; sourceTree = "<group>"; };
		3677FE681C64B37300A51A5C /* SetGameViewController.m */ = {isa = PBXFileReference; fileEncoding = 4; lastKnownFileType = sourcecode.c.objc; path = SetGameViewController.m; sourceTree = "<group>"; };
		3677FE6A1C64BAE500A51A5C /* SetCard.h */ = {isa = PBXFileReference; fileEncoding = 4; lastKnownFileType = sourcecode.c.h; name = SetCard.h; path = Model/SetCard.h; sourceTree = "<group>"; };
		3677FE6B1C64BAE500A51A5C /* SetCard.m */ = {isa = PBXFileReference; fileEncoding = 4; lastKnownFileType = sourcecode.c.objc; name = SetCard.m; path = Model/SetCard.m; sourceTree = "<group>"; };
		3677FE6D1C64E95D00A51A5C /* SetCardDeck.h */ = {isa = PBXFileReference; fileEncoding = 4; lastKnownFileType = sourcecode.c.h; name = SetCardDeck.h; path = Model/SetCardDeck.h; sourceTree = "<group>"; };
		3677FE6E1C64E95D00A51A5C /* SetCardDeck.m */ = {isa = PBXFileReference; fileEncoding = 4; lastKnownFileType = sourcecode.c.objc; name = SetCardDeck.m; path = Model/SetCardDeck.m; sourceTree = "<group>"; };
		3680EFE91C5115F90078A162 /* Images.xcassets */ = {isa = PBXFileReference; lastKnownFileType = folder.assetcatalog; path = Images.xcassets; sourceTree = "<group>"; };
		368C018E1C61178E006EE928 /* PlayingCardGameViewController.h */ = {isa = PBXFileReference; fileEncoding = 4; lastKnownFileType = sourcecode.c.h; path = PlayingCardGameViewController.h; sourceTree = "<group>"; };
		368C018F1C61178E006EE928 /* PlayingCardGameViewController.m */ = {isa = PBXFileReference; fileEncoding = 4; lastKnownFileType = sourcecode.c.objc; path = PlayingCardGameViewController.m; sourceTree = "<group>"; };
		36CAFD851C4FE00600E84A55 /* Machismo.app */ = {isa = PBXFileReference; explicitFileType = wrapper.application; includeInIndex = 0; path = Machismo.app; sourceTree = BUILT_PRODUCTS_DIR; };
		36CAFD891C4FE00600E84A55 /* Info.plist */ = {isa = PBXFileReference; lastKnownFileType = text.plist.xml; path = Info.plist; sourceTree = "<group>"; };
		36CAFD8A1C4FE00600E84A55 /* main.m */ = {isa = PBXFileReference; lastKnownFileType = sourcecode.c.objc; path = main.m; sourceTree = "<group>"; };
		36CAFD8C1C4FE00600E84A55 /* AppDelegate.h */ = {isa = PBXFileReference; lastKnownFileType = sourcecode.c.h; path = AppDelegate.h; sourceTree = "<group>"; };
		36CAFD8D1C4FE00600E84A55 /* AppDelegate.m */ = {isa = PBXFileReference; lastKnownFileType = sourcecode.c.objc; path = AppDelegate.m; sourceTree = "<group>"; };
		36CAFD8F1C4FE00600E84A55 /* ViewController.h */ = {isa = PBXFileReference; lastKnownFileType = sourcecode.c.h; path = ViewController.h; sourceTree = "<group>"; };
		36CAFD901C4FE00600E84A55 /* ViewController.m */ = {isa = PBXFileReference; lastKnownFileType = sourcecode.c.objc; path = ViewController.m; sourceTree = "<group>"; };
		36CAFD931C4FE00600E84A55 /* Base */ = {isa = PBXFileReference; lastKnownFileType = file.storyboard; name = Base; path = Base.lproj/Main.storyboard; sourceTree = "<group>"; };
		36CAFD981C4FE00600E84A55 /* Base */ = {isa = PBXFileReference; lastKnownFileType = file.xib; name = Base; path = Base.lproj/LaunchScreen.xib; sourceTree = "<group>"; };
		36CAFD9E1C4FE00700E84A55 /* MachismoTests.xctest */ = {isa = PBXFileReference; explicitFileType = wrapper.cfbundle; includeInIndex = 0; path = MachismoTests.xctest; sourceTree = BUILT_PRODUCTS_DIR; };
		36CAFDA31C4FE00700E84A55 /* Info.plist */ = {isa = PBXFileReference; lastKnownFileType = text.plist.xml; path = Info.plist; sourceTree = "<group>"; };
		36CAFDA41C4FE00700E84A55 /* MachismoTests.m */ = {isa = PBXFileReference; lastKnownFileType = sourcecode.c.objc; path = MachismoTests.m; sourceTree = "<group>"; };
		36CAFDAE1C4FFE9900E84A55 /* Card.h */ = {isa = PBXFileReference; fileEncoding = 4; lastKnownFileType = sourcecode.c.h; name = Card.h; path = Model/Card.h; sourceTree = "<group>"; };
		36CAFDAF1C4FFE9900E84A55 /* Card.m */ = {isa = PBXFileReference; fileEncoding = 4; lastKnownFileType = sourcecode.c.objc; name = Card.m; path = Model/Card.m; sourceTree = "<group>"; };
		36ED60061C5287B30037D7D2 /* CardMatchingGame.h */ = {isa = PBXFileReference; fileEncoding = 4; lastKnownFileType = sourcecode.c.h; name = CardMatchingGame.h; path = Model/CardMatchingGame.h; sourceTree = "<group>"; };
		36ED60071C5287B30037D7D2 /* CardMatchingGame.m */ = {isa = PBXFileReference; fileEncoding = 4; lastKnownFileType = sourcecode.c.objc; name = CardMatchingGame.m; path = Model/CardMatchingGame.m; sourceTree = "<group>"; };
/* End PBXFileReference section */

/* Begin PBXFrameworksBuildPhase section */
		36CAFD821C4FE00600E84A55 /* Frameworks */ = {
			isa = PBXFrameworksBuildPhase;
			buildActionMask = 2147483647;
			files = (
			);
			runOnlyForDeploymentPostprocessing = 0;
		};
		36CAFD9B1C4FE00700E84A55 /* Frameworks */ = {
			isa = PBXFrameworksBuildPhase;
			buildActionMask = 2147483647;
			files = (
			);
			runOnlyForDeploymentPostprocessing = 0;
		};
/* End PBXFrameworksBuildPhase section */

/* Begin PBXGroup section */
		36CAFD7C1C4FE00600E84A55 = {
			isa = PBXGroup;
			children = (
				36CAFD871C4FE00600E84A55 /* Machismo */,
				36CAFDA11C4FE00700E84A55 /* MachismoTests */,
				36CAFD861C4FE00600E84A55 /* Products */,
			);
			sourceTree = "<group>";
		};
		36CAFD861C4FE00600E84A55 /* Products */ = {
			isa = PBXGroup;
			children = (
				36CAFD851C4FE00600E84A55 /* Machismo.app */,
				36CAFD9E1C4FE00700E84A55 /* MachismoTests.xctest */,
			);
			name = Products;
			sourceTree = "<group>";
		};
		36CAFD871C4FE00600E84A55 /* Machismo */ = {
			isa = PBXGroup;
			children = (
				36CAFD8F1C4FE00600E84A55 /* ViewController.h */,
				36CAFD901C4FE00600E84A55 /* ViewController.m */,
				368C018E1C61178E006EE928 /* PlayingCardGameViewController.h */,
				368C018F1C61178E006EE928 /* PlayingCardGameViewController.m */,
				3677FE671C64B37300A51A5C /* SetGameViewController.h */,
				3677FE681C64B37300A51A5C /* SetGameViewController.m */,
				36CAFD921C4FE00600E84A55 /* Main.storyboard */,
				363FFCA81C639B61004A1FB7 /* GameHistoryViewController.h */,
				363FFCA91C639B61004A1FB7 /* GameHistoryViewController.m */,
				3680EFE91C5115F90078A162 /* Images.xcassets */,
				36CAFDB11C4FFEFD00E84A55 /* Model */,
				36CAFD971C4FE00600E84A55 /* LaunchScreen.xib */,
				36CAFD881C4FE00600E84A55 /* Supporting Files */,
			);
			path = Machismo;
			sourceTree = "<group>";
		};
		36CAFD881C4FE00600E84A55 /* Supporting Files */ = {
			isa = PBXGroup;
			children = (
				36CAFD8C1C4FE00600E84A55 /* AppDelegate.h */,
				36CAFD8D1C4FE00600E84A55 /* AppDelegate.m */,
				36CAFD891C4FE00600E84A55 /* Info.plist */,
				36CAFD8A1C4FE00600E84A55 /* main.m */,
			);
			name = "Supporting Files";
			sourceTree = "<group>";
		};
		36CAFDA11C4FE00700E84A55 /* MachismoTests */ = {
			isa = PBXGroup;
			children = (
				36CAFDA41C4FE00700E84A55 /* MachismoTests.m */,
				36CAFDA21C4FE00700E84A55 /* Supporting Files */,
			);
			path = MachismoTests;
			sourceTree = "<group>";
		};
		36CAFDA21C4FE00700E84A55 /* Supporting Files */ = {
			isa = PBXGroup;
			children = (
				36CAFDA31C4FE00700E84A55 /* Info.plist */,
			);
			name = "Supporting Files";
			sourceTree = "<group>";
		};
		36CAFDB11C4FFEFD00E84A55 /* Model */ = {
			isa = PBXGroup;
			children = (
				36ED60061C5287B30037D7D2 /* CardMatchingGame.h */,
				36ED60071C5287B30037D7D2 /* CardMatchingGame.m */,
				36CAFDAE1C4FFE9900E84A55 /* Card.h */,
				36CAFDAF1C4FFE9900E84A55 /* Card.m */,
				360677FC1C512BFE00762CCF /* Deck.h */,
				360677FD1C512BFE00762CCF /* Deck.m */,
				3677FE6A1C64BAE500A51A5C /* SetCard.h */,
				3677FE6B1C64BAE500A51A5C /* SetCard.m */,
				3677FE6D1C64E95D00A51A5C /* SetCardDeck.h */,
				3677FE6E1C64E95D00A51A5C /* SetCardDeck.m */,
				360677FF1C51312300762CCF /* PlayingCard.h */,
				360678001C51312300762CCF /* PlayingCard.m */,
				360678021C51395900762CCF /* PlayingCardDeck.h */,
				360678031C51395900762CCF /* PlayingCardDeck.m */,
			);
			name = Model;
			sourceTree = "<group>";
		};
/* End PBXGroup section */

/* Begin PBXNativeTarget section */
		36CAFD841C4FE00600E84A55 /* Machismo */ = {
			isa = PBXNativeTarget;
			buildConfigurationList = 36CAFDA81C4FE00700E84A55 /* Build configuration list for PBXNativeTarget "Machismo" */;
			buildPhases = (
				36CAFD811C4FE00600E84A55 /* Sources */,
				36CAFD821C4FE00600E84A55 /* Frameworks */,
				36CAFD831C4FE00600E84A55 /* Resources */,
			);
			buildRules = (
			);
			dependencies = (
			);
			name = Machismo;
			productName = Machismo;
			productReference = 36CAFD851C4FE00600E84A55 /* Machismo.app */;
			productType = "com.apple.product-type.application";
		};
		36CAFD9D1C4FE00700E84A55 /* MachismoTests */ = {
			isa = PBXNativeTarget;
			buildConfigurationList = 36CAFDAB1C4FE00700E84A55 /* Build configuration list for PBXNativeTarget "MachismoTests" */;
			buildPhases = (
				36CAFD9A1C4FE00700E84A55 /* Sources */,
				36CAFD9B1C4FE00700E84A55 /* Frameworks */,
				36CAFD9C1C4FE00700E84A55 /* Resources */,
			);
			buildRules = (
			);
			dependencies = (
				36CAFDA01C4FE00700E84A55 /* PBXTargetDependency */,
			);
			name = MachismoTests;
			productName = MachismoTests;
			productReference = 36CAFD9E1C4FE00700E84A55 /* MachismoTests.xctest */;
			productType = "com.apple.product-type.bundle.unit-test";
		};
/* End PBXNativeTarget section */

/* Begin PBXProject section */
		36CAFD7D1C4FE00600E84A55 /* Project object */ = {
			isa = PBXProject;
			attributes = {
				LastUpgradeCheck = 0640;
				ORGANIZATIONNAME = Coolman;
				TargetAttributes = {
					36CAFD841C4FE00600E84A55 = {
						CreatedOnToolsVersion = 6.4;
					};
					36CAFD9D1C4FE00700E84A55 = {
						CreatedOnToolsVersion = 6.4;
						TestTargetID = 36CAFD841C4FE00600E84A55;
					};
				};
			};
			buildConfigurationList = 36CAFD801C4FE00600E84A55 /* Build configuration list for PBXProject "Machismo" */;
			compatibilityVersion = "Xcode 3.2";
			developmentRegion = English;
			hasScannedForEncodings = 0;
			knownRegions = (
				en,
				Base,
			);
			mainGroup = 36CAFD7C1C4FE00600E84A55;
			productRefGroup = 36CAFD861C4FE00600E84A55 /* Products */;
			projectDirPath = "";
			projectRoot = "";
			targets = (
				36CAFD841C4FE00600E84A55 /* Machismo */,
				36CAFD9D1C4FE00700E84A55 /* MachismoTests */,
			);
		};
/* End PBXProject section */

/* Begin PBXResourcesBuildPhase section */
		36CAFD831C4FE00600E84A55 /* Resources */ = {
			isa = PBXResourcesBuildPhase;
			buildActionMask = 2147483647;
			files = (
				3680EFEA1C5115F90078A162 /* Images.xcassets in Resources */,
				36CAFD941C4FE00600E84A55 /* Main.storyboard in Resources */,
				36CAFD991C4FE00600E84A55 /* LaunchScreen.xib in Resources */,
			);
			runOnlyForDeploymentPostprocessing = 0;
		};
		36CAFD9C1C4FE00700E84A55 /* Resources */ = {
			isa = PBXResourcesBuildPhase;
			buildActionMask = 2147483647;
			files = (
			);
			runOnlyForDeploymentPostprocessing = 0;
		};
/* End PBXResourcesBuildPhase section */

/* Begin PBXSourcesBuildPhase section */
		36CAFD811C4FE00600E84A55 /* Sources */ = {
			isa = PBXSourcesBuildPhase;
			buildActionMask = 2147483647;
			files = (
				3677FE691C64B37300A51A5C /* SetGameViewController.m in Sources */,
				360678011C51312300762CCF /* PlayingCard.m in Sources */,
				3677FE6C1C64BAE500A51A5C /* SetCard.m in Sources */,
				360677FE1C512BFE00762CCF /* Deck.m in Sources */,
				36CAFD911C4FE00600E84A55 /* ViewController.m in Sources */,
				363FFCAA1C639B61004A1FB7 /* GameHistoryViewController.m in Sources */,
				36CAFD8E1C4FE00600E84A55 /* AppDelegate.m in Sources */,
				36ED60081C5287B30037D7D2 /* CardMatchingGame.m in Sources */,
				3677FE6F1C64E95D00A51A5C /* SetCardDeck.m in Sources */,
				360678041C51395900762CCF /* PlayingCardDeck.m in Sources */,
				36CAFD8B1C4FE00600E84A55 /* main.m in Sources */,
				36CAFDB01C4FFE9900E84A55 /* Card.m in Sources */,
				368C01901C61178E006EE928 /* PlayingCardGameViewController.m in Sources */,
			);
			runOnlyForDeploymentPostprocessing = 0;
		};
		36CAFD9A1C4FE00700E84A55 /* Sources */ = {
			isa = PBXSourcesBuildPhase;
			buildActionMask = 2147483647;
			files = (
				36CAFDA51C4FE00700E84A55 /* MachismoTests.m in Sources */,
			);
			runOnlyForDeploymentPostprocessing = 0;
		};
/* End PBXSourcesBuildPhase section */

/* Begin PBXTargetDependency section */
		36CAFDA01C4FE00700E84A55 /* PBXTargetDependency */ = {
			isa = PBXTargetDependency;
			target = 36CAFD841C4FE00600E84A55 /* Machismo */;
			targetProxy = 36CAFD9F1C4FE00700E84A55 /* PBXContainerItemProxy */;
		};
/* End PBXTargetDependency section */

/* Begin PBXVariantGroup section */
		36CAFD921C4FE00600E84A55 /* Main.storyboard */ = {
			isa = PBXVariantGroup;
			children = (
				36CAFD931C4FE00600E84A55 /* Base */,
			);
			name = Main.storyboard;
			sourceTree = "<group>";
		};
		36CAFD971C4FE00600E84A55 /* LaunchScreen.xib */ = {
			isa = PBXVariantGroup;
			children = (
				36CAFD981C4FE00600E84A55 /* Base */,
			);
			name = LaunchScreen.xib;
			sourceTree = "<group>";
		};
/* End PBXVariantGroup section */

/* Begin XCBuildConfiguration section */
		36CAFDA61C4FE00700E84A55 /* Debug */ = {
			isa = XCBuildConfiguration;
			buildSettings = {
				ALWAYS_SEARCH_USER_PATHS = NO;
				CLANG_CXX_LANGUAGE_STANDARD = "gnu++0x";
				CLANG_CXX_LIBRARY = "libc++";
				CLANG_ENABLE_MODULES = YES;
				CLANG_ENABLE_OBJC_ARC = YES;
				CLANG_WARN_BOOL_CONVERSION = YES;
				CLANG_WARN_CONSTANT_CONVERSION = YES;
				CLANG_WARN_DIRECT_OBJC_ISA_USAGE = YES_ERROR;
				CLANG_WARN_EMPTY_BODY = YES;
				CLANG_WARN_ENUM_CONVERSION = YES;
				CLANG_WARN_INT_CONVERSION = YES;
				CLANG_WARN_OBJC_ROOT_CLASS = YES_ERROR;
				CLANG_WARN_UNREACHABLE_CODE = YES;
				CLANG_WARN__DUPLICATE_METHOD_MATCH = YES;
				"CODE_SIGN_IDENTITY[sdk=iphoneos*]" = "iPhone Developer";
				COPY_PHASE_STRIP = NO;
				DEBUG_INFORMATION_FORMAT = "dwarf-with-dsym";
				ENABLE_STRICT_OBJC_MSGSEND = YES;
				GCC_C_LANGUAGE_STANDARD = gnu99;
				GCC_DYNAMIC_NO_PIC = NO;
				GCC_NO_COMMON_BLOCKS = YES;
				GCC_OPTIMIZATION_LEVEL = 0;
				GCC_PREPROCESSOR_DEFINITIONS = (
					"DEBUG=1",
					"$(inherited)",
				);
				GCC_SYMBOLS_PRIVATE_EXTERN = NO;
				GCC_WARN_64_TO_32_BIT_CONVERSION = YES;
				GCC_WARN_ABOUT_RETURN_TYPE = YES_ERROR;
				GCC_WARN_UNDECLARED_SELECTOR = YES;
				GCC_WARN_UNINITIALIZED_AUTOS = YES_AGGRESSIVE;
				GCC_WARN_UNUSED_FUNCTION = YES;
				GCC_WARN_UNUSED_VARIABLE = YES;
				IPHONEOS_DEPLOYMENT_TARGET = 8.4;
				MTL_ENABLE_DEBUG_INFO = YES;
				ONLY_ACTIVE_ARCH = YES;
				SDKROOT = iphoneos;
			};
			name = Debug;
		};
		36CAFDA71C4FE00700E84A55 /* Release */ = {
			isa = XCBuildConfiguration;
			buildSettings = {
				ALWAYS_SEARCH_USER_PATHS = NO;
				CLANG_CXX_LANGUAGE_STANDARD = "gnu++0x";
				CLANG_CXX_LIBRARY = "libc++";
				CLANG_ENABLE_MODULES = YES;
				CLANG_ENABLE_OBJC_ARC = YES;
				CLANG_WARN_BOOL_CONVERSION = YES;
				CLANG_WARN_CONSTANT_CONVERSION = YES;
				CLANG_WARN_DIRECT_OBJC_ISA_USAGE = YES_ERROR;
				CLANG_WARN_EMPTY_BODY = YES;
				CLANG_WARN_ENUM_CONVERSION = YES;
				CLANG_WARN_INT_CONVERSION = YES;
				CLANG_WARN_OBJC_ROOT_CLASS = YES_ERROR;
				CLANG_WARN_UNREACHABLE_CODE = YES;
				CLANG_WARN__DUPLICATE_METHOD_MATCH = YES;
				"CODE_SIGN_IDENTITY[sdk=iphoneos*]" = "iPhone Developer";
				COPY_PHASE_STRIP = NO;
				DEBUG_INFORMATION_FORMAT = "dwarf-with-dsym";
				ENABLE_NS_ASSERTIONS = NO;
				ENABLE_STRICT_OBJC_MSGSEND = YES;
				GCC_C_LANGUAGE_STANDARD = gnu99;
				GCC_NO_COMMON_BLOCKS = YES;
				GCC_WARN_64_TO_32_BIT_CONVERSION = YES;
				GCC_WARN_ABOUT_RETURN_TYPE = YES_ERROR;
				GCC_WARN_UNDECLARED_SELECTOR = YES;
				GCC_WARN_UNINITIALIZED_AUTOS = YES_AGGRESSIVE;
				GCC_WARN_UNUSED_FUNCTION = YES;
				GCC_WARN_UNUSED_VARIABLE = YES;
				IPHONEOS_DEPLOYMENT_TARGET = 8.4;
				MTL_ENABLE_DEBUG_INFO = NO;
				SDKROOT = iphoneos;
				VALIDATE_PRODUCT = YES;
			};
			name = Release;
		};
		36CAFDA91C4FE00700E84A55 /* Debug */ = {
			isa = XCBuildConfiguration;
			buildSettings = {
				ASSETCATALOG_COMPILER_APPICON_NAME = AppIcon;
				INFOPLIST_FILE = Machismo/Info.plist;
				LD_RUNPATH_SEARCH_PATHS = "$(inherited) @executable_path/Frameworks";
				PRODUCT_NAME = "$(TARGET_NAME)";
			};
			name = Debug;
		};
		36CAFDAA1C4FE00700E84A55 /* Release */ = {
			isa = XCBuildConfiguration;
			buildSettings = {
				ASSETCATALOG_COMPILER_APPICON_NAME = AppIcon;
				INFOPLIST_FILE = Machismo/Info.plist;
				LD_RUNPATH_SEARCH_PATHS = "$(inherited) @executable_path/Frameworks";
				PRODUCT_NAME = "$(TARGET_NAME)";
			};
			name = Release;
		};
		36CAFDAC1C4FE00700E84A55 /* Debug */ = {
			isa = XCBuildConfiguration;
			buildSettings = {
				BUNDLE_LOADER = "$(TEST_HOST)";
				FRAMEWORK_SEARCH_PATHS = (
					"$(SDKROOT)/Developer/Library/Frameworks",
					"$(inherited)",
				);
				GCC_PREPROCESSOR_DEFINITIONS = (
					"DEBUG=1",
					"$(inherited)",
				);
				INFOPLIST_FILE = MachismoTests/Info.plist;
				LD_RUNPATH_SEARCH_PATHS = "$(inherited) @executable_path/Frameworks @loader_path/Frameworks";
				PRODUCT_NAME = "$(TARGET_NAME)";
				TEST_HOST = "$(BUILT_PRODUCTS_DIR)/Machismo.app/Machismo";
			};
			name = Debug;
		};
		36CAFDAD1C4FE00700E84A55 /* Release */ = {
			isa = XCBuildConfiguration;
			buildSettings = {
				BUNDLE_LOADER = "$(TEST_HOST)";
				FRAMEWORK_SEARCH_PATHS = (
					"$(SDKROOT)/Developer/Library/Frameworks",
					"$(inherited)",
				);
				INFOPLIST_FILE = MachismoTests/Info.plist;
				LD_RUNPATH_SEARCH_PATHS = "$(inherited) @executable_path/Frameworks @loader_path/Frameworks";
				PRODUCT_NAME = "$(TARGET_NAME)";
				TEST_HOST = "$(BUILT_PRODUCTS_DIR)/Machismo.app/Machismo";
			};
			name = Release;
		};
/* End XCBuildConfiguration section */

/* Begin XCConfigurationList section */
		36CAFD801C4FE00600E84A55 /* Build configuration list for PBXProject "Machismo" */ = {
			isa = XCConfigurationList;
			buildConfigurations = (
				36CAFDA61C4FE00700E84A55 /* Debug */,
				36CAFDA71C4FE00700E84A55 /* Release */,
			);
			defaultConfigurationIsVisible = 0;
			defaultConfigurationName = Release;
		};
		36CAFDA81C4FE00700E84A55 /* Build configuration list for PBXNativeTarget "Machismo" */ = {
			isa = XCConfigurationList;
			buildConfigurations = (
				36CAFDA91C4FE00700E84A55 /* Debug */,
				36CAFDAA1C4FE00700E84A55 /* Release */,
			);
			defaultConfigurationIsVisible = 0;
			defaultConfigurationName = Release;
		};
		36CAFDAB1C4FE00700E84A55 /* Build configuration list for PBXNativeTarget "MachismoTests" */ = {
			isa = XCConfigurationList;
			buildConfigurations = (
				36CAFDAC1C4FE00700E84A55 /* Debug */,
				36CAFDAD1C4FE00700E84A55 /* Release */,
			);
			defaultConfigurationIsVisible = 0;
			defaultConfigurationName = Release;
		};
/* End XCConfigurationList section */
	};
	rootObject = 36CAFD7D1C4FE00600E84A55 /* Project object */;
}
